github.com/ingrammicro/backend-test v0.0.0-20190612141353-6bf6236f1f98 h1:7ys7eNP6vfJ2JkWlLDdISQu98eArVlYUMLqtcxKUaJA=
github.com/ingrammicro/backend-test v0.0.0-20190612141353-6bf6236f1f98/go.mod h1:xsfgxpyBa8A1yqVo639ZtOM5NJy7F+TcwcyFK+9ZjaY=
github.com/malillog/testGolang v0.0.0-20190619225709-68ede3731814 h1:Mjbc6do8HS6M72pizKuS9ZjfGdG4+YdAxHI8uqdmYbo=
